
Microsoft Visual Studio Solution File, Format Version 12.00
# Visual Studio Version 17
VisualStudioVersion = 17.6.33829.357
MinimumVisualStudioVersion = 10.0.40219.1
Project("{FAE04EC0-301F-11D3-BF4B-00C04F79EFBC}") = "NumberGame", "NumberGame\NumberGame.csproj", "{74072BF0-16D9-4ECD-B4CD-AE88868DB52B}"
EndProject
Global
	GlobalSection(SolutionConfigurationPlatforms) = preSolution
		Debug|Any CPU = Debug|Any CPU
		Release|Any CPU = Release|Any CPU
	EndGlobalSection
	GlobalSection(ProjectConfigurationPlatforms) = postSolution
		{74072BF0-16D9-4ECD-B4CD-AE88868DB52B}.Debug|Any CPU.ActiveCfg = Debug|Any CPU
		{74072BF0-16D9-4ECD-B4CD-AE88868DB52B}.Debug|Any CPU.Build.0 = Debug|Any CPU
		{74072BF0-16D9-4ECD-B4CD-AE88868DB52B}.Release|Any CPU.ActiveCfg = Release|Any CPU
		{74072BF0-16D9-4ECD-B4CD-AE88868DB52B}.Release|Any CPU.Build.0 = Release|Any CPU
	EndGlobalSection
	GlobalSection(SolutionProperties) = preSolution
		HideSolutionNode = FALSE
	EndGlobalSection
	GlobalSection(ExtensibilityGlobals) = postSolution
		SolutionGuid = {2DEC8855-018B-4B65-BA79-558A2D6B698C}
	EndGlobalSection
EndGlobal
